
Microsoft Visual Studio Solution File, Format Version 12.00
# Visual Studio 2012
Project("{8BC9CEB8-8B4A-11D0-8D11-00A0C91BC942}") = "CCheckUSB", "CCheckUSB\vcxproj\CCheckUSB.vcxproj", "{17619C5C-3FA8-409B-B39C-E16A557B8381}"
EndProject
Global
	GlobalSection(SolutionConfigurationPlatforms) = preSolution
		Debug|Win32 = Debug|Win32
		Release|Win32 = Release|Win32
	EndGlobalSection
	GlobalSection(ProjectConfigurationPlatforms) = postSolution
		{17619C5C-3FA8-409B-B39C-E16A557B8381}.Debug|Win32.ActiveCfg = Debug|Win32
		{17619C5C-3FA8-409B-B39C-E16A557B8381}.Debug|Win32.Build.0 = Debug|Win32
		{17619C5C-3FA8-409B-B39C-E16A557B8381}.Release|Win32.ActiveCfg = Release|Win32
		{17619C5C-3FA8-409B-B39C-E16A557B8381}.Release|Win32.Build.0 = Release|Win32
	EndGlobalSection
	GlobalSection(SolutionProperties) = preSolution
		HideSolutionNode = FALSE
	EndGlobalSection
EndGlobal
