<?xml version="1.0" encoding="utf-8"?>
<Project ToolsVersion="4.0" xmlns="http://schemas.microsoft.com/developer/msbuild/2003">
  <ItemGroup>
    <ClInclude Include="..\src\WebSocketWorkAPI.h">
      <Filter>头文件</Filter>
    </ClInclude>
    <ClInclude Include="..\src\WebSocketWorkMacro.h">
      <Filter>头文件</Filter>
    </ClInclude>
    <ClInclude Include="..\src\WebSocketClient.h" />
    <ClInclude Include="..\src\WebSocketClientLoopTask.h" />
    <ClInclude Include="..\src\WebSocketClientParam.h" />
    <ClInclude Include="..\src\WebSocketServer.h" />
    <ClInclude Include="..\src\WebSocketServerLoopTask.h" />
    <ClInclude Include="..\src\WebSocketServerParam.h" />
  </ItemGroup>
  <ItemGroup>
    <Filter Include="源文件">
      <UniqueIdentifier>{c99e1316-4fc2-499d-9bce-3ab83335428b}</UniqueIdentifier>
    </Filter>
    <Filter Include="头文件">
      <UniqueIdentifier>{c322e52b-93ce-49a0-bbf8-6da63c529c35}</UniqueIdentifier>
    </Filter>
  </ItemGroup>
  <ItemGroup>
    <ClCompile Include="..\src\WebSocketClient.cpp" />
    <ClCompile Include="..\src\WebSocketClientLoopTask.cpp" />
    <ClCompile Include="..\src\WebSocketClientParam.cpp" />
    <ClCompile Include="..\src\WebSocketServer.cpp" />
    <ClCompile Include="..\src\WebSocketServerLoopTask.cpp" />
    <ClCompile Include="..\src\WebSocketServerParam.cpp" />
  </ItemGroup>
</Project>