
Microsoft Visual Studio Solution File, Format Version 12.00
# Visual Studio 2012
Project("{8BC9CEB8-8B4A-11D0-8D11-00A0C91BC942}") = "CMouse", "CMouse\CMouse.vcxproj", "{6E6B086A-09E3-4C3F-8764-EA9333C6734C}"
EndProject
Global
	GlobalSection(SolutionConfigurationPlatforms) = preSolution
		Debug|Win32 = Debug|Win32
		Release|Win32 = Release|Win32
	EndGlobalSection
	GlobalSection(ProjectConfigurationPlatforms) = postSolution
		{6E6B086A-09E3-4C3F-8764-EA9333C6734C}.Debug|Win32.ActiveCfg = Debug|Win32
		{6E6B086A-09E3-4C3F-8764-EA9333C6734C}.Debug|Win32.Build.0 = Debug|Win32
		{6E6B086A-09E3-4C3F-8764-EA9333C6734C}.Release|Win32.ActiveCfg = Release|Win32
		{6E6B086A-09E3-4C3F-8764-EA9333C6734C}.Release|Win32.Build.0 = Release|Win32
	EndGlobalSection
	GlobalSection(SolutionProperties) = preSolution
		HideSolutionNode = FALSE
	EndGlobalSection
EndGlobal
