<?xml version="1.0" encoding="utf-8"?>
<Project ToolsVersion="4.0" xmlns="http://schemas.microsoft.com/developer/msbuild/2003">
  <ItemGroup>
    <Filter Include="Source Files">
      <UniqueIdentifier>{4FC737F1-C7A5-4376-A066-2A32D752A2FF}</UniqueIdentifier>
      <Extensions>cpp;cxx;c;def</Extensions>
    </Filter>
    <Filter Include="Header Files">
      <UniqueIdentifier>{93995380-89BD-4b04-88EB-625FBE52EBFB}</UniqueIdentifier>
      <Extensions>h</Extensions>
    </Filter>
    <Filter Include="Form Files">
      <UniqueIdentifier>{99349809-55BA-4b9d-BF79-8FDBB0286EB3}</UniqueIdentifier>
      <Extensions>ui</Extensions>
    </Filter>
    <Filter Include="Resource Files">
      <UniqueIdentifier>{D9D6E242-F8AF-46E4-B9FD-80ECBC20BA3E}</UniqueIdentifier>
      <Extensions>qrc;*</Extensions>
      <ParseFiles>false</ParseFiles>
    </Filter>
    <Filter Include="Generated Files">
      <UniqueIdentifier>{71ED8ED8-ACB9-4CE9-BBE1-E00B30144E11}</UniqueIdentifier>
      <Extensions>moc;h;cpp</Extensions>
      <SourceControlFiles>False</SourceControlFiles>
    </Filter>
    <Filter Include="Generated Files\Debug">
      <UniqueIdentifier>{d7221581-0a92-4bfc-bfa6-d64f6670f70d}</UniqueIdentifier>
      <Extensions>cpp;moc</Extensions>
      <SourceControlFiles>False</SourceControlFiles>
    </Filter>
    <Filter Include="Generated Files\Release">
      <UniqueIdentifier>{672987ea-8d40-49c8-ab51-1533239ad599}</UniqueIdentifier>
      <Extensions>cpp;moc</Extensions>
      <SourceControlFiles>False</SourceControlFiles>
    </Filter>
  </ItemGroup>
  <ItemGroup>
    <ClCompile Include="main.cpp">
      <Filter>Source Files</Filter>
    </ClCompile>
    <ClCompile Include="GeneratedFiles\Debug\moc_PdfReader.cpp">
      <Filter>Generated Files\Debug</Filter>
    </ClCompile>
    <ClCompile Include="GeneratedFiles\Release\moc_PdfReader.cpp">
      <Filter>Generated Files\Release</Filter>
    </ClCompile>
    <ClCompile Include="GeneratedFiles\qrc_PdfReader.cpp">
      <Filter>Generated Files</Filter>
    </ClCompile>
    <ClCompile Include="PdfReader.cpp">
      <Filter>Source Files</Filter>
    </ClCompile>
    <ClCompile Include="PdfReaderCoreBridge.cpp">
      <Filter>Bridge</Filter>
    </ClCompile>
    <ClCompile Include="GeneratedFiles\Debug\moc_PdfReaderThumbnailList.cpp">
      <Filter>Source Files</Filter>
    </ClCompile>
    <ClCompile Include="GeneratedFiles\Release\moc_PdfReaderThumbnailList.cpp">
      <Filter>Source Files</Filter>
    </ClCompile>
    <ClCompile Include="PdfReaderEmptyState.cpp">
      <Filter>UI</Filter>
    </ClCompile>
    <ClCompile Include="GeneratedFiles\Debug\moc_PdfReaderEmptyState.cpp">
      <Filter>Generated Files\Debug</Filter>
    </ClCompile>
    <ClCompile Include="GeneratedFiles\Release\moc_PdfReaderEmptyState.cpp">
      <Filter>Generated Files\Release</Filter>
    </ClCompile>
  </ItemGroup>
  <ItemGroup>
    <CustomBuild Include="PdfReader.qrc">
      <Filter>Resource Files</Filter>
    </CustomBuild>
    <CustomBuild Include="GeneratedFiles\ui_PdfReader.h">
      <Filter>Generated Files</Filter>
    </CustomBuild>
    <CustomBuild Include="PdfReader.ui">
      <Filter>Form Files</Filter>
    </CustomBuild>
    <CustomBuild Include="PdfReader.h">
      <Filter>Header Files</Filter>
    </CustomBuild>
    <ClInclude Include="PdfReaderCoreBridge.h">
      <Filter>Bridge</Filter>
    </ClInclude>
    <CustomBuild Include="PdfReaderEmptyState.h">
      <Filter>UI</Filter>
    </CustomBuild>
  </ItemGroup>
  <ItemGroup>
    <ClCompile Include="Config.cpp">
      <Filter>Configuration</Filter>
    </ClCompile>
    <ClInclude Include="Config.h">
      <Filter>Configuration</Filter>
    </ClInclude>
    <ClCompile Include="PdfReaderThumbnailList.cpp">
      <Filter>UI</Filter>
    </ClCompile>
    <CustomBuild Include="PdfReaderThumbnailList.h">
      <Filter>UI</Filter>
    </CustomBuild>
    <ClCompile Include="PdfReaderThumbnailDelegate.cpp">
      <Filter>UI</Filter>
    </ClCompile>
    <ClInclude Include="PdfReaderThumbnailDelegate.h">
      <Filter>UI</Filter>
    </ClInclude>
    <ClCompile Include="PdfReaderIconHelper.cpp">
      <Filter>UI</Filter>
    </ClCompile>
    <ClInclude Include="PdfReaderIconHelper.h">
      <Filter>UI</Filter>
    </ClInclude>
    <ResourceCompile Include="$(IntDir)res\PdfReader.rc">
      <Filter>Resource Files</Filter>
    </ResourceCompile>
    <None Include="res\PdfReader.png">
      <Filter>Resource Files</Filter>
    </None>
  </ItemGroup>
  <ItemGroup>
    <Filter Include="Configuration">
      <UniqueIdentifier>{940543df-2e95-4e87-8ca4-b94da47d3566}</UniqueIdentifier>
    </Filter>
  </ItemGroup>
  <ItemGroup>
    <Filter Include="UI">
      <UniqueIdentifier>{4d048a8f-724d-4375-a704-8b6c3f851fd8}</UniqueIdentifier>
    </Filter>
  </ItemGroup>
  <ItemGroup>
    <Filter Include="Bridge">
      <UniqueIdentifier>{f60dc384-8817-46e2-b705-eecdacd2762f}</UniqueIdentifier>
    </Filter>
  </ItemGroup>
  <ItemGroup>
    <Filter Include="Export">
      <UniqueIdentifier>{33c02b41-d24f-41a4-bb53-84fd583773da}</UniqueIdentifier>
    </Filter>
  </ItemGroup>
  <ItemGroup>
    <Filter Include="Models">
      <UniqueIdentifier>{1298141c-c1a3-4cd1-aa61-3ed38e35400f}</UniqueIdentifier>
    </Filter>
  </ItemGroup>
  <ItemGroup>
    <ClCompile Include="PdfReaderFileHelper.cpp">
      <Filter>Export</Filter>
    </ClCompile>
    <ClInclude Include="PdfReaderFileHelper.h">
      <Filter>Export</Filter>
    </ClInclude>
  </ItemGroup>
  <ItemGroup>
    <ClCompile Include="PdfReaderDialog.cpp" />
    <ClInclude Include="PdfReaderDialog.h" />
    <ClCompile Include="PdfReaderDialogView.cpp" />
    <ClInclude Include="PdfReaderDialogView.h" />
    <ClCompile Include="PdfReaderDialogFactory.cpp" />
    <ClInclude Include="PdfReaderDialogFactory.h" />
    <ClCompile Include="PdfReaderDialogHelper.cpp" />
    <ClInclude Include="PdfReaderDialogHelper.h" />
    <ClCompile Include="PdfReaderDialogRuntime.cpp" />
    <ClInclude Include="PdfReaderDialogRuntime.h" />
    <ClInclude Include="PdfReaderDialogParam.h" />
  </ItemGroup>
  <ItemGroup>
    <ClCompile Include="PdfReaderControlHelper.cpp" />
    <ClInclude Include="PdfReaderControlHelper.h" />
    <None Include="PdfReaderIcon.sh" />
  </ItemGroup>
</Project>