
Microsoft Visual Studio Solution File, Format Version 12.00
# Visual Studio 2012
Project("{8BC9CEB8-8B4A-11D0-8D11-00A0C91BC942}") = "CSocketClient", "CSocketClient\CSocketClient.vcxproj", "{91F94B01-164C-4A1E-9A9A-08156D19C7C5}"
EndProject
Global
	GlobalSection(SolutionConfigurationPlatforms) = preSolution
		Debug|Win32 = Debug|Win32
		Release|Win32 = Release|Win32
	EndGlobalSection
	GlobalSection(ProjectConfigurationPlatforms) = postSolution
		{91F94B01-164C-4A1E-9A9A-08156D19C7C5}.Debug|Win32.ActiveCfg = Debug|Win32
		{91F94B01-164C-4A1E-9A9A-08156D19C7C5}.Debug|Win32.Build.0 = Debug|Win32
		{91F94B01-164C-4A1E-9A9A-08156D19C7C5}.Release|Win32.ActiveCfg = Release|Win32
		{91F94B01-164C-4A1E-9A9A-08156D19C7C5}.Release|Win32.Build.0 = Release|Win32
	EndGlobalSection
	GlobalSection(SolutionProperties) = preSolution
		HideSolutionNode = FALSE
	EndGlobalSection
EndGlobal
