<?xml version="1.0" encoding="utf-8"?>
<Project ToolsVersion="4.0" xmlns="http://schemas.microsoft.com/developer/msbuild/2003">
  <ItemGroup>
    <Filter Include="QtControls">
      <UniqueIdentifier>{63ed71f6-8f8f-49d8-9c67-36e450f3965a}</UniqueIdentifier>
    </Filter>
    <Filter Include="Generated Files">
      <UniqueIdentifier>{71ED8ED8-ACB9-4CE9-BBE1-E00B30144E11}</UniqueIdentifier>
      <Extensions>moc;h;cpp</Extensions>
      <ParseFiles>true</ParseFiles>
    </Filter>
    <Filter Include="Generated Files\Debug">
      <UniqueIdentifier>{1169383d-6744-4c8d-b063-8679c1f925f2}</UniqueIdentifier>
      <Extensions>cpp;moc</Extensions>
      <SourceControlFiles>False</SourceControlFiles>
    </Filter>
    <Filter Include="Generated Files\Release">
      <UniqueIdentifier>{ce1250c5-5258-4a75-9568-0843cfe89676}</UniqueIdentifier>
      <Extensions>cpp;moc</Extensions>
      <SourceControlFiles>False</SourceControlFiles>
    </Filter>
    <Filter Include="CStringManager">
      <UniqueIdentifier>{c0e43ed6-68e3-4d49-81ac-a80dcd61051a}</UniqueIdentifier>
    </Filter>
    <Filter Include="CSystem">
      <UniqueIdentifier>{6e1607a1-dd16-4e1b-bb9c-3e09ca4aa422}</UniqueIdentifier>
    </Filter>
    <Filter Include="ManagerBase">
      <UniqueIdentifier>{6d4154a6-a8cd-4a98-9a13-56b0e03e8774}</UniqueIdentifier>
    </Filter>
    <Filter Include="EO_XmlSax2Parser">
      <UniqueIdentifier>{f5a7eeb5-0ab6-4879-aceb-9030f43691aa}</UniqueIdentifier>
    </Filter>
    <Filter Include="QssString">
      <UniqueIdentifier>{6d21d838-892b-4e65-9076-1a801990094d}</UniqueIdentifier>
    </Filter>
    <Filter Include="HttpRequest">
      <UniqueIdentifier>{5b31a9de-5440-425d-96ac-62ef42b4fbfe}</UniqueIdentifier>
    </Filter>
    <Filter Include="WidgetFactory">
      <UniqueIdentifier>{5e5631d1-9ff0-4b0e-aea8-f0228fee8154}</UniqueIdentifier>
    </Filter>
  </ItemGroup>
  <ItemGroup>
    <ClInclude Include="..\..\..\CStringManager\CStringManager\src\CStringManager.h">
      <Filter>CStringManager</Filter>
    </ClInclude>
    <ClInclude Include="..\..\..\CSystem\CSystem\src\CSystem.h">
      <Filter>CSystem</Filter>
    </ClInclude>
    <ClInclude Include="..\..\..\CStringManager\CStringManager\src\CStringManagerMacro.h">
      <Filter>CStringManager</Filter>
    </ClInclude>
    <ClInclude Include="..\..\..\CSystem\CSystem\src\CSystemMacro.h">
      <Filter>CSystem</Filter>
    </ClInclude>
    <ClInclude Include="..\..\..\ManagerBase\ManagerBase\src\ManagerBase.h">
      <Filter>ManagerBase</Filter>
    </ClInclude>
    <ClInclude Include="..\..\..\ManagerBase\ManagerBase\src\SingletonBase.h">
      <Filter>ManagerBase</Filter>
    </ClInclude>
    <ClInclude Include="..\..\..\EO_XmlSax2Parser\EO_XmlSax2Parser\src\EO_XmlSax2Parser.h">
      <Filter>EO_XmlSax2Parser</Filter>
    </ClInclude>
    <ClInclude Include="..\..\..\EO_XmlSax2Parser\EO_XmlSax2Parser\src\EO_XmlSax2ParserMacro.h">
      <Filter>EO_XmlSax2Parser</Filter>
    </ClInclude>
    <ClInclude Include="..\..\..\HttpRequest\HttpRequest\src\HttpRequestMacro.h">
      <Filter>HttpRequest</Filter>
    </ClInclude>
    <ClInclude Include="..\..\..\QssString\QssString\src\QssHelper.h">
      <Filter>QssString</Filter>
    </ClInclude>
    <ClInclude Include="..\..\..\QssString\QssString\src\QssString.h">
      <Filter>QssString</Filter>
    </ClInclude>
    <ClInclude Include="..\..\..\QssString\QssString\src\QssStringMacro.h">
      <Filter>QssString</Filter>
    </ClInclude>
    <ClInclude Include="..\..\..\QtControls\QtControls\src\ContentLabel.h">
      <Filter>QtControls</Filter>
    </ClInclude>
    <ClInclude Include="..\..\..\QtControls\QtControls\src\ControlBackground.h">
      <Filter>QtControls</Filter>
    </ClInclude>
    <ClInclude Include="..\..\..\QtControls\QtControls\src\ControlBase.h">
      <Filter>QtControls</Filter>
    </ClInclude>
    <ClInclude Include="..\..\..\QtControls\QtControls\src\ControlBorder.h">
      <Filter>QtControls</Filter>
    </ClInclude>
    <ClInclude Include="..\..\..\QtControls\QtControls\src\ControlFont.h">
      <Filter>QtControls</Filter>
    </ClInclude>
    <ClInclude Include="..\..\..\QtControls\QtControls\src\ControlItem.h">
      <Filter>QtControls</Filter>
    </ClInclude>
    <ClInclude Include="..\..\..\QtControls\QtControls\src\ControlSelf.h">
      <Filter>QtControls</Filter>
    </ClInclude>
    <ClInclude Include="..\..\..\QtControls\QtControls\src\ControlShow.h">
      <Filter>QtControls</Filter>
    </ClInclude>
    <ClInclude Include="..\..\..\QtControls\QtControls\src\DialogResult.h">
      <Filter>QtControls</Filter>
    </ClInclude>
    <ClInclude Include="..\..\..\QtControls\QtControls\src\HtmlComboBoxDelegate.h">
      <Filter>QtControls</Filter>
    </ClInclude>
    <ClInclude Include="..\..\..\QtControls\QtControls\src\HtmlComboBoxStyle.h">
      <Filter>QtControls</Filter>
    </ClInclude>
    <ClInclude Include="..\..\..\QtControls\QtControls\src\ListWidgetIdItem.h">
      <Filter>QtControls</Filter>
    </ClInclude>
    <ClInclude Include="..\..\..\QtControls\QtControls\src\QtControlsMacro.h">
      <Filter>QtControls</Filter>
    </ClInclude>
    <ClInclude Include="..\..\..\QtControls\QtControls\src\RegExpAttri.h">
      <Filter>QtControls</Filter>
    </ClInclude>
    <ClInclude Include="..\..\..\QtControls\QtControls\src\RegExpBase.h">
      <Filter>QtControls</Filter>
    </ClInclude>
    <ClInclude Include="..\..\..\QtControls\QtControls\src\TreeText.h">
      <Filter>QtControls</Filter>
    </ClInclude>
    <ClInclude Include="..\..\..\QtControls\QtControls\src\TreeViewDelegate.h">
      <Filter>QtControls</Filter>
    </ClInclude>
    <ClInclude Include="..\..\..\QtControls\QtControls\src\TreeViewModel.h">
      <Filter>QtControls</Filter>
    </ClInclude>
    <ClInclude Include="..\..\..\WidgetFactory\WidgetFactory\src\WidgetFactoryMacro.h">
      <Filter>WidgetFactory</Filter>
    </ClInclude>
  </ItemGroup>
  <ItemGroup>
    <ClCompile Include="..\..\..\CStringManager\CStringManager\src\CStringManager.cpp">
      <Filter>CStringManager</Filter>
    </ClCompile>
    <ClCompile Include="..\..\..\CSystem\CSystem\src\CSystem.cpp">
      <Filter>CSystem</Filter>
    </ClCompile>
    <ClCompile Include="GeneratedFiles\Debug\moc_WidgetFactory.cpp">
      <Filter>Generated Files\Debug</Filter>
    </ClCompile>
    <ClCompile Include="..\..\..\EO_XmlSax2Parser\EO_XmlSax2Parser\src\EO_XmlSax2Parser.cpp">
      <Filter>EO_XmlSax2Parser</Filter>
    </ClCompile>
    <ClCompile Include="..\..\..\HttpRequest\HttpRequest\src\HttpRequest.cpp">
      <Filter>HttpRequest</Filter>
    </ClCompile>
    <ClCompile Include="GeneratedFiles\Debug\moc_HttpRequest.cpp">
      <Filter>Generated Files\Debug</Filter>
    </ClCompile>
    <ClCompile Include="GeneratedFiles\Release\moc_HttpRequest.cpp">
      <Filter>Generated Files\Release</Filter>
    </ClCompile>
    <ClCompile Include="..\..\..\QssString\QssString\src\QssHelper.cpp">
      <Filter>QssString</Filter>
    </ClCompile>
    <ClCompile Include="..\..\..\QssString\QssString\src\QssString.cpp">
      <Filter>QssString</Filter>
    </ClCompile>
    <ClCompile Include="..\..\..\QtControls\QtControls\src\BackgroundLabel.cpp">
      <Filter>QtControls</Filter>
    </ClCompile>
    <ClCompile Include="GeneratedFiles\Debug\moc_BackgroundLabel.cpp">
      <Filter>Generated Files\Debug</Filter>
    </ClCompile>
    <ClCompile Include="GeneratedFiles\Release\moc_BackgroundLabel.cpp">
      <Filter>Generated Files\Release</Filter>
    </ClCompile>
    <ClCompile Include="..\..\..\QtControls\QtControls\src\CExternalTextEdit.cpp">
      <Filter>QtControls</Filter>
    </ClCompile>
    <ClCompile Include="GeneratedFiles\Debug\moc_CExternalTextEdit.cpp">
      <Filter>Generated Files\Debug</Filter>
    </ClCompile>
    <ClCompile Include="GeneratedFiles\Release\moc_CExternalTextEdit.cpp">
      <Filter>Generated Files\Release</Filter>
    </ClCompile>
    <ClCompile Include="..\..\..\QtControls\QtControls\src\CGeneralStyle.cpp">
      <Filter>QtControls</Filter>
    </ClCompile>
    <ClCompile Include="GeneratedFiles\Debug\moc_CGeneralStyle.cpp">
      <Filter>Generated Files\Debug</Filter>
    </ClCompile>
    <ClCompile Include="GeneratedFiles\Release\moc_CGeneralStyle.cpp">
      <Filter>Generated Files\Release</Filter>
    </ClCompile>
    <ClCompile Include="..\..\..\QtControls\QtControls\src\CheckBox.cpp">
      <Filter>QtControls</Filter>
    </ClCompile>
    <ClCompile Include="GeneratedFiles\Debug\moc_CheckBox.cpp">
      <Filter>Generated Files\Debug</Filter>
    </ClCompile>
    <ClCompile Include="GeneratedFiles\Release\moc_CheckBox.cpp">
      <Filter>Generated Files\Release</Filter>
    </ClCompile>
    <ClCompile Include="..\..\..\QtControls\QtControls\src\ChooseComboBox.cpp">
      <Filter>QtControls</Filter>
    </ClCompile>
    <ClCompile Include="GeneratedFiles\Debug\moc_ChooseComboBox.cpp">
      <Filter>Generated Files\Debug</Filter>
    </ClCompile>
    <ClCompile Include="GeneratedFiles\Release\moc_ChooseComboBox.cpp">
      <Filter>Generated Files\Release</Filter>
    </ClCompile>
    <ClCompile Include="..\..\..\QtControls\QtControls\src\CollapseMenu.cpp">
      <Filter>QtControls</Filter>
    </ClCompile>
    <ClCompile Include="GeneratedFiles\Debug\moc_CollapseMenu.cpp">
      <Filter>Generated Files\Debug</Filter>
    </ClCompile>
    <ClCompile Include="GeneratedFiles\Release\moc_CollapseMenu.cpp">
      <Filter>Generated Files\Release</Filter>
    </ClCompile>
    <ClCompile Include="..\..\..\QtControls\QtControls\src\ComboBox.cpp">
      <Filter>QtControls</Filter>
    </ClCompile>
    <ClCompile Include="GeneratedFiles\Debug\moc_ComboBox.cpp">
      <Filter>Generated Files\Debug</Filter>
    </ClCompile>
    <ClCompile Include="GeneratedFiles\Release\moc_ComboBox.cpp">
      <Filter>Generated Files\Release</Filter>
    </ClCompile>
    <ClCompile Include="..\..\..\QtControls\QtControls\src\ContentLabel.cpp">
      <Filter>QtControls</Filter>
    </ClCompile>
    <ClCompile Include="..\..\..\QtControls\QtControls\src\COriginalButton.cpp">
      <Filter>QtControls</Filter>
    </ClCompile>
    <ClCompile Include="GeneratedFiles\Debug\moc_COriginalButton.cpp">
      <Filter>Generated Files\Debug</Filter>
    </ClCompile>
    <ClCompile Include="GeneratedFiles\Release\moc_COriginalButton.cpp">
      <Filter>Generated Files\Release</Filter>
    </ClCompile>
    <ClCompile Include="..\..\..\QtControls\QtControls\src\COriginalDialog.cpp">
      <Filter>QtControls</Filter>
    </ClCompile>
    <ClCompile Include="GeneratedFiles\Debug\moc_COriginalDialog.cpp">
      <Filter>Generated Files\Debug</Filter>
    </ClCompile>
    <ClCompile Include="GeneratedFiles\Release\moc_COriginalDialog.cpp">
      <Filter>Generated Files\Release</Filter>
    </ClCompile>
    <ClCompile Include="..\..\..\QtControls\QtControls\src\COriginalWebView.cpp">
      <Filter>QtControls</Filter>
    </ClCompile>
    <ClCompile Include="GeneratedFiles\Debug\moc_COriginalWebView.cpp">
      <Filter>Generated Files\Debug</Filter>
    </ClCompile>
    <ClCompile Include="GeneratedFiles\Release\moc_COriginalWebView.cpp">
      <Filter>Generated Files\Release</Filter>
    </ClCompile>
    <ClCompile Include="..\..\..\QtControls\QtControls\src\CPasswordInputBox.cpp">
      <Filter>QtControls</Filter>
    </ClCompile>
    <ClCompile Include="GeneratedFiles\Debug\moc_CPasswordInputBox.cpp">
      <Filter>Generated Files\Debug</Filter>
    </ClCompile>
    <ClCompile Include="GeneratedFiles\Release\moc_CPasswordInputBox.cpp">
      <Filter>Generated Files\Release</Filter>
    </ClCompile>
    <ClCompile Include="..\..\..\QtControls\QtControls\src\CTreeViewEx.cpp">
      <Filter>QtControls</Filter>
    </ClCompile>
    <ClCompile Include="GeneratedFiles\Debug\moc_CTreeViewEx.cpp">
      <Filter>Generated Files\Debug</Filter>
    </ClCompile>
    <ClCompile Include="GeneratedFiles\Release\moc_CTreeViewEx.cpp">
      <Filter>Generated Files\Release</Filter>
    </ClCompile>
    <ClCompile Include="..\..\..\QtControls\QtControls\src\Dialog.cpp">
      <Filter>QtControls</Filter>
    </ClCompile>
    <ClCompile Include="GeneratedFiles\Debug\moc_Dialog.cpp">
      <Filter>Generated Files\Debug</Filter>
    </ClCompile>
    <ClCompile Include="GeneratedFiles\Release\moc_Dialog.cpp">
      <Filter>Generated Files\Release</Filter>
    </ClCompile>
    <ClCompile Include="..\..\..\QtControls\QtControls\src\DialogBase.cpp">
      <Filter>QtControls</Filter>
    </ClCompile>
    <ClCompile Include="GeneratedFiles\Debug\moc_DialogBase.cpp">
      <Filter>Generated Files\Debug</Filter>
    </ClCompile>
    <ClCompile Include="GeneratedFiles\Release\moc_DialogBase.cpp">
      <Filter>Generated Files\Release</Filter>
    </ClCompile>
    <ClCompile Include="..\..\..\QtControls\QtControls\src\DialogShow.cpp">
      <Filter>QtControls</Filter>
    </ClCompile>
    <ClCompile Include="GeneratedFiles\Debug\moc_DialogShow.cpp">
      <Filter>Generated Files\Debug</Filter>
    </ClCompile>
    <ClCompile Include="GeneratedFiles\Release\moc_DialogShow.cpp">
      <Filter>Generated Files\Release</Filter>
    </ClCompile>
    <ClCompile Include="..\..\..\QtControls\QtControls\src\HtmlComboBox.cpp">
      <Filter>QtControls</Filter>
    </ClCompile>
    <ClCompile Include="GeneratedFiles\Debug\moc_HtmlComboBox.cpp">
      <Filter>Generated Files\Debug</Filter>
    </ClCompile>
    <ClCompile Include="GeneratedFiles\Release\moc_HtmlComboBox.cpp">
      <Filter>Generated Files\Release</Filter>
    </ClCompile>
    <ClCompile Include="..\..\..\QtControls\QtControls\src\HtmlComboBoxDelegate.cpp">
      <Filter>QtControls</Filter>
    </ClCompile>
    <ClCompile Include="..\..\..\QtControls\QtControls\src\HtmlComboBoxStyle.cpp">
      <Filter>QtControls</Filter>
    </ClCompile>
    <ClCompile Include="..\..\..\QtControls\QtControls\src\IdItemComboBox.cpp">
      <Filter>QtControls</Filter>
    </ClCompile>
    <ClCompile Include="GeneratedFiles\Debug\moc_IdItemComboBox.cpp">
      <Filter>Generated Files\Debug</Filter>
    </ClCompile>
    <ClCompile Include="GeneratedFiles\Release\moc_IdItemComboBox.cpp">
      <Filter>Generated Files\Release</Filter>
    </ClCompile>
    <ClCompile Include="..\..\..\QtControls\QtControls\src\Label.cpp">
      <Filter>QtControls</Filter>
    </ClCompile>
    <ClCompile Include="GeneratedFiles\Debug\moc_Label.cpp">
      <Filter>Generated Files\Debug</Filter>
    </ClCompile>
    <ClCompile Include="GeneratedFiles\Release\moc_Label.cpp">
      <Filter>Generated Files\Release</Filter>
    </ClCompile>
    <ClCompile Include="..\..\..\QtControls\QtControls\src\LineEdit.cpp">
      <Filter>QtControls</Filter>
    </ClCompile>
    <ClCompile Include="GeneratedFiles\Debug\moc_LineEdit.cpp">
      <Filter>Generated Files\Debug</Filter>
    </ClCompile>
    <ClCompile Include="GeneratedFiles\Release\moc_LineEdit.cpp">
      <Filter>Generated Files\Release</Filter>
    </ClCompile>
    <ClCompile Include="..\..\..\QtControls\QtControls\src\ListWidget.cpp">
      <Filter>QtControls</Filter>
    </ClCompile>
    <ClCompile Include="GeneratedFiles\Debug\moc_ListWidget.cpp">
      <Filter>Generated Files\Debug</Filter>
    </ClCompile>
    <ClCompile Include="GeneratedFiles\Release\moc_ListWidget.cpp">
      <Filter>Generated Files\Release</Filter>
    </ClCompile>
    <ClCompile Include="..\..\..\QtControls\QtControls\src\ListWidgetIdItem.cpp">
      <Filter>QtControls</Filter>
    </ClCompile>
    <ClCompile Include="..\..\..\QtControls\QtControls\src\Menu.cpp">
      <Filter>QtControls</Filter>
    </ClCompile>
    <ClCompile Include="GeneratedFiles\Debug\moc_Menu.cpp">
      <Filter>Generated Files\Debug</Filter>
    </ClCompile>
    <ClCompile Include="GeneratedFiles\Release\moc_Menu.cpp">
      <Filter>Generated Files\Release</Filter>
    </ClCompile>
    <ClCompile Include="..\..\..\QtControls\QtControls\src\MenuCustomStyle.cpp">
      <Filter>QtControls</Filter>
    </ClCompile>
    <ClCompile Include="GeneratedFiles\Debug\moc_MenuCustomStyle.cpp">
      <Filter>Generated Files\Debug</Filter>
    </ClCompile>
    <ClCompile Include="GeneratedFiles\Release\moc_MenuCustomStyle.cpp">
      <Filter>Generated Files\Release</Filter>
    </ClCompile>
    <ClCompile Include="..\..\..\QtControls\QtControls\src\NoFocusFrameDelegate.cpp">
      <Filter>QtControls</Filter>
    </ClCompile>
    <ClCompile Include="GeneratedFiles\Debug\moc_NoFocusFrameDelegate.cpp">
      <Filter>Generated Files\Debug</Filter>
    </ClCompile>
    <ClCompile Include="GeneratedFiles\Release\moc_NoFocusFrameDelegate.cpp">
      <Filter>Generated Files\Release</Filter>
    </ClCompile>
    <ClCompile Include="..\..\..\QtControls\QtControls\src\PointLabel.cpp">
      <Filter>QtControls</Filter>
    </ClCompile>
    <ClCompile Include="GeneratedFiles\Debug\moc_PointLabel.cpp">
      <Filter>Generated Files\Debug</Filter>
    </ClCompile>
    <ClCompile Include="GeneratedFiles\Release\moc_PointLabel.cpp">
      <Filter>Generated Files\Release</Filter>
    </ClCompile>
    <ClCompile Include="..\..\..\QtControls\QtControls\src\ProgressBar.cpp">
      <Filter>QtControls</Filter>
    </ClCompile>
    <ClCompile Include="GeneratedFiles\Debug\moc_ProgressBar.cpp">
      <Filter>Generated Files\Debug</Filter>
    </ClCompile>
    <ClCompile Include="GeneratedFiles\Release\moc_ProgressBar.cpp">
      <Filter>Generated Files\Release</Filter>
    </ClCompile>
    <ClCompile Include="..\..\..\QtControls\QtControls\src\RadioButton.cpp">
      <Filter>QtControls</Filter>
    </ClCompile>
    <ClCompile Include="GeneratedFiles\Debug\moc_RadioButton.cpp">
      <Filter>Generated Files\Debug</Filter>
    </ClCompile>
    <ClCompile Include="GeneratedFiles\Release\moc_RadioButton.cpp">
      <Filter>Generated Files\Release</Filter>
    </ClCompile>
    <ClCompile Include="..\..\..\QtControls\QtControls\src\RegExpBase.cpp">
      <Filter>QtControls</Filter>
    </ClCompile>
    <ClCompile Include="..\..\..\QtControls\QtControls\src\Separator.cpp">
      <Filter>QtControls</Filter>
    </ClCompile>
    <ClCompile Include="GeneratedFiles\Debug\moc_Separator.cpp">
      <Filter>Generated Files\Debug</Filter>
    </ClCompile>
    <ClCompile Include="GeneratedFiles\Release\moc_Separator.cpp">
      <Filter>Generated Files\Release</Filter>
    </ClCompile>
    <ClCompile Include="..\..\..\QtControls\QtControls\src\TextEdit.cpp">
      <Filter>QtControls</Filter>
    </ClCompile>
    <ClCompile Include="GeneratedFiles\Debug\moc_TextEdit.cpp">
      <Filter>Generated Files\Debug</Filter>
    </ClCompile>
    <ClCompile Include="GeneratedFiles\Release\moc_TextEdit.cpp">
      <Filter>Generated Files\Release</Filter>
    </ClCompile>
    <ClCompile Include="..\..\..\QtControls\QtControls\src\TipLabel.cpp">
      <Filter>QtControls</Filter>
    </ClCompile>
    <ClCompile Include="GeneratedFiles\Debug\moc_TipLabel.cpp">
      <Filter>Generated Files\Debug</Filter>
    </ClCompile>
    <ClCompile Include="GeneratedFiles\Release\moc_TipLabel.cpp">
      <Filter>Generated Files\Release</Filter>
    </ClCompile>
    <ClCompile Include="..\..\..\QtControls\QtControls\src\TipLabelManager.cpp">
      <Filter>QtControls</Filter>
    </ClCompile>
    <ClCompile Include="GeneratedFiles\Debug\moc_TipLabelManager.cpp">
      <Filter>Generated Files\Debug</Filter>
    </ClCompile>
    <ClCompile Include="GeneratedFiles\Release\moc_TipLabelManager.cpp">
      <Filter>Generated Files\Release</Filter>
    </ClCompile>
    <ClCompile Include="..\..\..\QtControls\QtControls\src\TreeView.cpp">
      <Filter>QtControls</Filter>
    </ClCompile>
    <ClCompile Include="GeneratedFiles\Debug\moc_TreeView.cpp">
      <Filter>Generated Files\Debug</Filter>
    </ClCompile>
    <ClCompile Include="GeneratedFiles\Release\moc_TreeView.cpp">
      <Filter>Generated Files\Release</Filter>
    </ClCompile>
    <ClCompile Include="..\..\..\QtControls\QtControls\src\TreeViewDelegate.cpp">
      <Filter>QtControls</Filter>
    </ClCompile>
    <ClCompile Include="..\..\..\QtControls\QtControls\src\TreeViewHeader.cpp">
      <Filter>QtControls</Filter>
    </ClCompile>
    <ClCompile Include="GeneratedFiles\Debug\moc_TreeViewHeader.cpp">
      <Filter>Generated Files\Debug</Filter>
    </ClCompile>
    <ClCompile Include="GeneratedFiles\Release\moc_TreeViewHeader.cpp">
      <Filter>Generated Files\Release</Filter>
    </ClCompile>
    <ClCompile Include="..\..\..\QtControls\QtControls\src\TreeViewModel.cpp">
      <Filter>QtControls</Filter>
    </ClCompile>
    <ClCompile Include="..\..\..\QtControls\QtControls\src\TreeWidget.cpp">
      <Filter>QtControls</Filter>
    </ClCompile>
    <ClCompile Include="GeneratedFiles\Debug\moc_TreeWidget.cpp">
      <Filter>Generated Files\Debug</Filter>
    </ClCompile>
    <ClCompile Include="GeneratedFiles\Release\moc_TreeWidget.cpp">
      <Filter>Generated Files\Release</Filter>
    </ClCompile>
    <ClCompile Include="..\..\..\QtControls\QtControls\src\WebViewEx.cpp">
      <Filter>QtControls</Filter>
    </ClCompile>
    <ClCompile Include="GeneratedFiles\Debug\moc_WebViewEx.cpp">
      <Filter>Generated Files\Debug</Filter>
    </ClCompile>
    <ClCompile Include="GeneratedFiles\Release\moc_WebViewEx.cpp">
      <Filter>Generated Files\Release</Filter>
    </ClCompile>
    <ClCompile Include="..\..\..\QtControls\QtControls\src\Widget.cpp">
      <Filter>QtControls</Filter>
    </ClCompile>
    <ClCompile Include="GeneratedFiles\Debug\moc_Widget.cpp">
      <Filter>Generated Files\Debug</Filter>
    </ClCompile>
    <ClCompile Include="GeneratedFiles\Release\moc_Widget.cpp">
      <Filter>Generated Files\Release</Filter>
    </ClCompile>
    <ClCompile Include="..\..\..\WidgetFactory\WidgetFactory\src\WidgetFactory.cpp">
      <Filter>WidgetFactory</Filter>
    </ClCompile>
    <ClCompile Include="GeneratedFiles\Release\moc_WidgetFactory.cpp">
      <Filter>Generated Files\Release</Filter>
    </ClCompile>
  </ItemGroup>
  <ItemGroup>
    <None Include="..\..\..\CSystem\CSystem\src\CSystem.inl">
      <Filter>CSystem</Filter>
    </None>
    <None Include="..\..\..\ManagerBase\ManagerBase\src\ManagerBase.inl">
      <Filter>ManagerBase</Filter>
    </None>
    <None Include="..\..\..\ManagerBase\ManagerBase\src\SingletonBase.inl">
      <Filter>ManagerBase</Filter>
    </None>
    <None Include="..\..\..\QtControls\QtControls\src\ControlBackground.inl">
      <Filter>QtControls</Filter>
    </None>
    <None Include="..\..\..\QtControls\QtControls\src\ControlBase.inl">
      <Filter>QtControls</Filter>
    </None>
    <None Include="..\..\..\QtControls\QtControls\src\ControlBorder.inl">
      <Filter>QtControls</Filter>
    </None>
    <None Include="..\..\..\QtControls\QtControls\src\ControlFont.inl">
      <Filter>QtControls</Filter>
    </None>
    <None Include="..\..\..\QtControls\QtControls\src\ControlItem.inl">
      <Filter>QtControls</Filter>
    </None>
    <None Include="..\..\..\QtControls\QtControls\src\ControlSelf.inl">
      <Filter>QtControls</Filter>
    </None>
    <None Include="..\..\..\QtControls\QtControls\src\ControlShow.inl">
      <Filter>QtControls</Filter>
    </None>
  </ItemGroup>
  <ItemGroup>
    <CustomBuild Include="..\..\..\HttpRequest\HttpRequest\src\HttpRequest.h">
      <Filter>HttpRequest</Filter>
    </CustomBuild>
    <CustomBuild Include="..\..\..\QtControls\QtControls\src\BackgroundLabel.h">
      <Filter>QtControls</Filter>
    </CustomBuild>
    <CustomBuild Include="..\..\..\QtControls\QtControls\src\CExternalTextEdit.h">
      <Filter>QtControls</Filter>
    </CustomBuild>
    <CustomBuild Include="..\..\..\QtControls\QtControls\src\CGeneralStyle.h">
      <Filter>QtControls</Filter>
    </CustomBuild>
    <CustomBuild Include="..\..\..\QtControls\QtControls\src\CheckBox.h">
      <Filter>QtControls</Filter>
    </CustomBuild>
    <CustomBuild Include="..\..\..\QtControls\QtControls\src\ChooseComboBox.h">
      <Filter>QtControls</Filter>
    </CustomBuild>
    <CustomBuild Include="..\..\..\QtControls\QtControls\src\CollapseMenu.h">
      <Filter>QtControls</Filter>
    </CustomBuild>
    <CustomBuild Include="..\..\..\QtControls\QtControls\src\ComboBox.h">
      <Filter>QtControls</Filter>
    </CustomBuild>
    <CustomBuild Include="..\..\..\QtControls\QtControls\src\COriginalButton.h">
      <Filter>QtControls</Filter>
    </CustomBuild>
    <CustomBuild Include="..\..\..\QtControls\QtControls\src\COriginalDialog.h">
      <Filter>QtControls</Filter>
    </CustomBuild>
    <CustomBuild Include="..\..\..\QtControls\QtControls\src\COriginalWebView.h">
      <Filter>QtControls</Filter>
    </CustomBuild>
    <CustomBuild Include="..\..\..\QtControls\QtControls\src\CPasswordInputBox.h">
      <Filter>QtControls</Filter>
    </CustomBuild>
    <CustomBuild Include="..\..\..\QtControls\QtControls\src\CTreeViewEx.h">
      <Filter>QtControls</Filter>
    </CustomBuild>
    <CustomBuild Include="..\..\..\QtControls\QtControls\src\Dialog.h">
      <Filter>QtControls</Filter>
    </CustomBuild>
    <CustomBuild Include="..\..\..\QtControls\QtControls\src\DialogBase.h">
      <Filter>QtControls</Filter>
    </CustomBuild>
    <CustomBuild Include="..\..\..\QtControls\QtControls\src\DialogShow.h">
      <Filter>QtControls</Filter>
    </CustomBuild>
    <CustomBuild Include="..\..\..\QtControls\QtControls\src\HtmlComboBox.h">
      <Filter>QtControls</Filter>
    </CustomBuild>
    <CustomBuild Include="..\..\..\QtControls\QtControls\src\IdItemComboBox.h">
      <Filter>QtControls</Filter>
    </CustomBuild>
    <CustomBuild Include="..\..\..\QtControls\QtControls\src\Label.h">
      <Filter>QtControls</Filter>
    </CustomBuild>
    <CustomBuild Include="..\..\..\QtControls\QtControls\src\LineEdit.h">
      <Filter>QtControls</Filter>
    </CustomBuild>
    <CustomBuild Include="..\..\..\QtControls\QtControls\src\ListWidget.h">
      <Filter>QtControls</Filter>
    </CustomBuild>
    <CustomBuild Include="..\..\..\QtControls\QtControls\src\Menu.h">
      <Filter>QtControls</Filter>
    </CustomBuild>
    <CustomBuild Include="..\..\..\QtControls\QtControls\src\MenuCustomStyle.h">
      <Filter>QtControls</Filter>
    </CustomBuild>
    <CustomBuild Include="..\..\..\QtControls\QtControls\src\NoFocusFrameDelegate.h">
      <Filter>QtControls</Filter>
    </CustomBuild>
    <CustomBuild Include="..\..\..\QtControls\QtControls\src\PointLabel.h">
      <Filter>QtControls</Filter>
    </CustomBuild>
    <CustomBuild Include="..\..\..\QtControls\QtControls\src\ProgressBar.h">
      <Filter>QtControls</Filter>
    </CustomBuild>
    <CustomBuild Include="..\..\..\QtControls\QtControls\src\RadioButton.h">
      <Filter>QtControls</Filter>
    </CustomBuild>
    <CustomBuild Include="..\..\..\QtControls\QtControls\src\Separator.h">
      <Filter>QtControls</Filter>
    </CustomBuild>
    <CustomBuild Include="..\..\..\QtControls\QtControls\src\TextEdit.h">
      <Filter>QtControls</Filter>
    </CustomBuild>
    <CustomBuild Include="..\..\..\QtControls\QtControls\src\TipLabel.h">
      <Filter>QtControls</Filter>
    </CustomBuild>
    <CustomBuild Include="..\..\..\QtControls\QtControls\src\TipLabelManager.h">
      <Filter>QtControls</Filter>
    </CustomBuild>
    <CustomBuild Include="..\..\..\QtControls\QtControls\src\TreeView.h">
      <Filter>QtControls</Filter>
    </CustomBuild>
    <CustomBuild Include="..\..\..\QtControls\QtControls\src\TreeViewHeader.h">
      <Filter>QtControls</Filter>
    </CustomBuild>
    <CustomBuild Include="..\..\..\QtControls\QtControls\src\TreeWidget.h">
      <Filter>QtControls</Filter>
    </CustomBuild>
    <CustomBuild Include="..\..\..\QtControls\QtControls\src\WebViewEx.h">
      <Filter>QtControls</Filter>
    </CustomBuild>
    <CustomBuild Include="..\..\..\QtControls\QtControls\src\Widget.h">
      <Filter>QtControls</Filter>
    </CustomBuild>
    <CustomBuild Include="..\..\..\WidgetFactory\WidgetFactory\src\WidgetFactory.h">
      <Filter>WidgetFactory</Filter>
    </CustomBuild>
  </ItemGroup>
</Project>