<?xml version="1.0" encoding="utf-8"?>
<Project ToolsVersion="4.0" xmlns="http://schemas.microsoft.com/developer/msbuild/2003">
  <ItemGroup>
    <Filter Include="源文件">
      <UniqueIdentifier>{4FC737F1-C7A5-4376-A066-2A32D752A2FF}</UniqueIdentifier>
      <Extensions>cpp;c;cc;cxx;def;odl;idl;hpj;bat;asm;asmx</Extensions>
    </Filter>
    <Filter Include="头文件">
      <UniqueIdentifier>{93995380-89BD-4b04-88EB-625FBE52EBFB}</UniqueIdentifier>
      <Extensions>h;hpp;hxx;hm;inl;inc;xsd</Extensions>
    </Filter>
    <Filter Include="资源文件">
      <UniqueIdentifier>{67DA6AB6-F800-4c08-8B7A-83BB121AAD01}</UniqueIdentifier>
      <Extensions>rc;ico;cur;bmp;dlg;rc2;rct;bin;rgs;gif;jpg;jpeg;jpe;resx;tiff;tif;png;wav;mfcribbon-ms</Extensions>
    </Filter>
  </ItemGroup>
  <ItemGroup>
    <ClInclude Include="..\src\PdfReaderCore.h">
      <Filter>头文件</Filter>
    </ClInclude>
    <ClInclude Include="..\src\PdfReaderCoreC.h"><Filter>Bridge</Filter></ClInclude>
    <ClInclude Include="..\src\PdfReaderCoreAPI.h">
      <Filter>头文件</Filter>
    </ClInclude>
    <ClInclude Include="..\src\PdfReaderCoreMacro.h">
      <Filter>头文件</Filter>
    </ClInclude>
  </ItemGroup>
  <ItemGroup>
    <ClCompile Include="..\src\PdfReaderCore.cpp">
      <Filter>源文件</Filter>
    </ClCompile>
    <ClCompile Include="..\src\PdfReaderCoreC.cpp"><Filter>Bridge</Filter></ClCompile>
  </ItemGroup>
  <ItemGroup>
    <ClCompile Include="..\src\PdfReaderCoreConfig.cpp"><Filter>Configuration</Filter></ClCompile>
    <ClInclude Include="..\src\PdfReaderCoreConfig.h"><Filter>Configuration</Filter></ClInclude>
    <ClCompile Include="..\src\PdfReaderCoreCContext.cpp"><Filter>Bridge</Filter></ClCompile>
    <ClInclude Include="..\src\PdfReaderCoreCContext.h"><Filter>Bridge</Filter></ClInclude>
    <ClCompile Include="..\src\PdfReaderCoreExportHelper.cpp"><Filter>Export</Filter></ClCompile>
    <ClInclude Include="..\src\PdfReaderCoreExportHelper.h"><Filter>Export</Filter></ClInclude>
    <ClInclude Include="..\src\PdfReaderCoreModels.h"><Filter>Models</Filter></ClInclude>
  </ItemGroup>
  <ItemGroup><Filter Include="Configuration"><UniqueIdentifier>{cfceb115-a9f6-4854-aeb5-2e61f2f85de0}</UniqueIdentifier></Filter></ItemGroup>
  <ItemGroup><Filter Include="UI"><UniqueIdentifier>{4163ec25-185f-46c3-a32e-6236c9744b57}</UniqueIdentifier></Filter></ItemGroup>
  <ItemGroup><Filter Include="Bridge"><UniqueIdentifier>{2af3be59-362d-4eb0-a01b-03ede566a17e}</UniqueIdentifier></Filter></ItemGroup>
  <ItemGroup><Filter Include="Export"><UniqueIdentifier>{65a3035d-267c-40f9-a441-389bfa0c21c5}</UniqueIdentifier></Filter></ItemGroup>
  <ItemGroup><Filter Include="Models"><UniqueIdentifier>{0ab322c5-1361-409e-99b5-7a9980c33228}</UniqueIdentifier></Filter></ItemGroup>
  <ItemGroup><ClCompile Include="..\src\PdfReaderCoreCResultHelper.cpp"><Filter>Bridge</Filter></ClCompile><ClInclude Include="..\src\PdfReaderCoreCResultHelper.h"><Filter>Bridge</Filter></ClInclude></ItemGroup>
</Project>