
Microsoft Visual Studio Solution File, Format Version 12.00
# Visual Studio 2012
Project("{8BC9CEB8-8B4A-11D0-8D11-00A0C91BC942}") = "ConsoleApplication17", "ConsoleApplication17\ConsoleApplication17.vcxproj", "{C31AAC51-D104-4FC2-87A4-969C2480EEAB}"
EndProject
Global
	GlobalSection(SolutionConfigurationPlatforms) = preSolution
		Debug|Win32 = Debug|Win32
		Release|Win32 = Release|Win32
	EndGlobalSection
	GlobalSection(ProjectConfigurationPlatforms) = postSolution
		{C31AAC51-D104-4FC2-87A4-969C2480EEAB}.Debug|Win32.ActiveCfg = Debug|Win32
		{C31AAC51-D104-4FC2-87A4-969C2480EEAB}.Debug|Win32.Build.0 = Debug|Win32
		{C31AAC51-D104-4FC2-87A4-969C2480EEAB}.Release|Win32.ActiveCfg = Release|Win32
		{C31AAC51-D104-4FC2-87A4-969C2480EEAB}.Release|Win32.Build.0 = Release|Win32
	EndGlobalSection
	GlobalSection(SolutionProperties) = preSolution
		HideSolutionNode = FALSE
	EndGlobalSection
EndGlobal
