<?xml version="1.0" encoding="utf-8"?>
<Project ToolsVersion="4.0" xmlns="http://schemas.microsoft.com/developer/msbuild/2003">
  <ItemGroup>
    <Filter Include="Source Files">
      <UniqueIdentifier>{4FC737F1-C7A5-4376-A066-2A32D752A2FF}</UniqueIdentifier>
      <Extensions>cpp;cxx;c;def</Extensions>
    </Filter>
    <Filter Include="Header Files">
      <UniqueIdentifier>{93995380-89BD-4b04-88EB-625FBE52EBFB}</UniqueIdentifier>
      <Extensions>h</Extensions>
    </Filter>
  </ItemGroup>
  <ItemGroup>
    <ClCompile Include="..\src\BackgroundLabel.cpp">
      <Filter>Source Files</Filter>
    </ClCompile>
    <ClCompile Include="..\src\CExternalTextEdit.cpp">
      <Filter>Source Files</Filter>
    </ClCompile>
    <ClCompile Include="..\src\CGeneralStyle.cpp">
      <Filter>Source Files</Filter>
    </ClCompile>
    <ClCompile Include="..\src\CheckBox.cpp">
      <Filter>Source Files</Filter>
    </ClCompile>
    <ClCompile Include="..\src\ChooseComboBox.cpp">
      <Filter>Source Files</Filter>
    </ClCompile>
    <ClCompile Include="..\src\CollapseMenu.cpp">
      <Filter>Source Files</Filter>
    </ClCompile>
    <ClCompile Include="..\src\ComboBox.cpp">
      <Filter>Source Files</Filter>
    </ClCompile>
    <ClCompile Include="..\src\ContentLabel.cpp">
      <Filter>Source Files</Filter>
    </ClCompile>
    <ClCompile Include="..\src\COriginalButton.cpp">
      <Filter>Source Files</Filter>
    </ClCompile>
    <ClCompile Include="..\src\COriginalDialog.cpp">
      <Filter>Source Files</Filter>
    </ClCompile>
    <ClCompile Include="..\src\COriginalWebView.cpp">
      <Filter>Source Files</Filter>
    </ClCompile>
    <ClCompile Include="..\src\CPasswordInputBox.cpp">
      <Filter>Source Files</Filter>
    </ClCompile>
    <ClCompile Include="..\src\CTreeViewEx.cpp">
      <Filter>Source Files</Filter>
    </ClCompile>
    <ClCompile Include="..\src\Dialog.cpp">
      <Filter>Source Files</Filter>
    </ClCompile>
    <ClCompile Include="..\src\DialogBase.cpp">
      <Filter>Source Files</Filter>
    </ClCompile>
    <ClCompile Include="..\src\DialogShow.cpp">
      <Filter>Source Files</Filter>
    </ClCompile>
    <ClCompile Include="..\src\HtmlComboBox.cpp">
      <Filter>Source Files</Filter>
    </ClCompile>
    <ClCompile Include="..\src\HtmlComboBoxDelegate.cpp">
      <Filter>Source Files</Filter>
    </ClCompile>
    <ClCompile Include="..\src\HtmlComboBoxStyle.cpp">
      <Filter>Source Files</Filter>
    </ClCompile>
    <ClCompile Include="..\src\IdItemComboBox.cpp">
      <Filter>Source Files</Filter>
    </ClCompile>
    <ClCompile Include="..\src\Label.cpp">
      <Filter>Source Files</Filter>
    </ClCompile>
    <ClCompile Include="..\src\LineEdit.cpp">
      <Filter>Source Files</Filter>
    </ClCompile>
    <ClCompile Include="..\src\ListWidget.cpp">
      <Filter>Source Files</Filter>
    </ClCompile>
    <ClCompile Include="..\src\ListWidgetIdItem.cpp">
      <Filter>Source Files</Filter>
    </ClCompile>
    <ClCompile Include="..\src\Menu.cpp">
      <Filter>Source Files</Filter>
    </ClCompile>
    <ClCompile Include="..\src\MenuCustomStyle.cpp">
      <Filter>Source Files</Filter>
    </ClCompile>
    <ClCompile Include="..\src\NoFocusFrameDelegate.cpp">
      <Filter>Source Files</Filter>
    </ClCompile>
    <ClCompile Include="..\src\PointLabel.cpp">
      <Filter>Source Files</Filter>
    </ClCompile>
    <ClCompile Include="..\src\ProgressBar.cpp">
      <Filter>Source Files</Filter>
    </ClCompile>
    <ClCompile Include="..\src\RadioButton.cpp">
      <Filter>Source Files</Filter>
    </ClCompile>
    <ClCompile Include="..\src\RegExpBase.cpp">
      <Filter>Source Files</Filter>
    </ClCompile>
    <ClCompile Include="..\src\Separator.cpp">
      <Filter>Source Files</Filter>
    </ClCompile>
    <ClCompile Include="..\src\TextEdit.cpp">
      <Filter>Source Files</Filter>
    </ClCompile>
    <ClCompile Include="..\src\TipLabel.cpp">
      <Filter>Source Files</Filter>
    </ClCompile>
    <ClCompile Include="..\src\TipLabelManager.cpp">
      <Filter>Source Files</Filter>
    </ClCompile>
    <ClCompile Include="..\src\TreeView.cpp">
      <Filter>Source Files</Filter>
    </ClCompile>
    <ClCompile Include="..\src\TreeViewDelegate.cpp">
      <Filter>Source Files</Filter>
    </ClCompile>
    <ClCompile Include="..\src\TreeViewHeader.cpp">
      <Filter>Source Files</Filter>
    </ClCompile>
    <ClCompile Include="..\src\TreeViewModel.cpp">
      <Filter>Source Files</Filter>
    </ClCompile>
    <ClCompile Include="..\src\TreeWidget.cpp">
      <Filter>Source Files</Filter>
    </ClCompile>
    <ClCompile Include="..\src\WebViewEx.cpp">
      <Filter>Source Files</Filter>
    </ClCompile>
    <ClCompile Include="..\src\Widget.cpp">
      <Filter>Source Files</Filter>
    </ClCompile>
  </ItemGroup>
  <ItemGroup>
    <CustomBuild Include="..\src\CExternalTextEdit.h">
      <Filter>Header Files</Filter>
    </CustomBuild>
    <CustomBuild Include="..\src\BackgroundLabel.h">
      <Filter>Header Files</Filter>
    </CustomBuild>
    <CustomBuild Include="..\src\CGeneralStyle.h">
      <Filter>Header Files</Filter>
    </CustomBuild>
    <CustomBuild Include="..\src\CheckBox.h">
      <Filter>Header Files</Filter>
    </CustomBuild>
    <CustomBuild Include="..\src\ChooseComboBox.h">
      <Filter>Header Files</Filter>
    </CustomBuild>
    <CustomBuild Include="..\src\CollapseMenu.h">
      <Filter>Header Files</Filter>
    </CustomBuild>
    <CustomBuild Include="..\src\ComboBox.h">
      <Filter>Header Files</Filter>
    </CustomBuild>
    <CustomBuild Include="..\src\ContentLabel.h">
      <Filter>Header Files</Filter>
    </CustomBuild>
    <CustomBuild Include="..\src\ControlBackground.h">
      <Filter>Header Files</Filter>
    </CustomBuild>
    <CustomBuild Include="..\src\ControlBackground.inl" />
    <CustomBuild Include="..\src\ControlBase.h">
      <Filter>Header Files</Filter>
    </CustomBuild>
    <CustomBuild Include="..\src\ControlBase.inl" />
    <CustomBuild Include="..\src\ControlBorder.h">
      <Filter>Header Files</Filter>
    </CustomBuild>
    <CustomBuild Include="..\src\ControlBorder.inl" />
    <CustomBuild Include="..\src\ControlFont.h">
      <Filter>Header Files</Filter>
    </CustomBuild>
    <CustomBuild Include="..\src\ControlFont.inl" />
    <CustomBuild Include="..\src\ControlItem.h">
      <Filter>Header Files</Filter>
    </CustomBuild>
    <CustomBuild Include="..\src\ControlItem.inl" />
    <CustomBuild Include="..\src\ControlSelf.h">
      <Filter>Header Files</Filter>
    </CustomBuild>
    <CustomBuild Include="..\src\ControlSelf.inl" />
    <CustomBuild Include="..\src\ControlShow.h">
      <Filter>Header Files</Filter>
    </CustomBuild>
    <CustomBuild Include="..\src\ControlShow.inl" />
    <CustomBuild Include="..\src\COriginalButton.h">
      <Filter>Header Files</Filter>
    </CustomBuild>
    <CustomBuild Include="..\src\COriginalDialog.h">
      <Filter>Header Files</Filter>
    </CustomBuild>
    <CustomBuild Include="..\src\COriginalWebView.h">
      <Filter>Header Files</Filter>
    </CustomBuild>
    <CustomBuild Include="..\src\CPasswordInputBox.h">
      <Filter>Header Files</Filter>
    </CustomBuild>
    <CustomBuild Include="..\src\CTreeViewEx.h">
      <Filter>Header Files</Filter>
    </CustomBuild>
    <CustomBuild Include="..\src\Dialog.h">
      <Filter>Header Files</Filter>
    </CustomBuild>
    <CustomBuild Include="..\src\DialogBase.h">
      <Filter>Header Files</Filter>
    </CustomBuild>
    <CustomBuild Include="..\src\DialogShow.h">
      <Filter>Header Files</Filter>
    </CustomBuild>
    <CustomBuild Include="..\src\HtmlComboBox.h">
      <Filter>Header Files</Filter>
    </CustomBuild>
    <CustomBuild Include="..\src\HtmlComboBoxDelegate.h">
      <Filter>Header Files</Filter>
    </CustomBuild>
    <CustomBuild Include="..\src\HtmlComboBoxStyle.h">
      <Filter>Header Files</Filter>
    </CustomBuild>
    <CustomBuild Include="..\src\IdItemComboBox.h">
      <Filter>Header Files</Filter>
    </CustomBuild>
    <CustomBuild Include="..\src\Label.h">
      <Filter>Header Files</Filter>
    </CustomBuild>
    <CustomBuild Include="..\src\LineEdit.h">
      <Filter>Header Files</Filter>
    </CustomBuild>
    <CustomBuild Include="..\src\ListWidget.h">
      <Filter>Header Files</Filter>
    </CustomBuild>
    <CustomBuild Include="..\src\ListWidgetIdItem.h">
      <Filter>Header Files</Filter>
    </CustomBuild>
    <CustomBuild Include="..\src\Menu.h">
      <Filter>Header Files</Filter>
    </CustomBuild>
    <CustomBuild Include="..\src\MenuCustomStyle.h">
      <Filter>Header Files</Filter>
    </CustomBuild>
    <CustomBuild Include="..\src\NoFocusFrameDelegate.h">
      <Filter>Header Files</Filter>
    </CustomBuild>
    <CustomBuild Include="..\src\PointLabel.h">
      <Filter>Header Files</Filter>
    </CustomBuild>
    <CustomBuild Include="..\src\ProgressBar.h">
      <Filter>Header Files</Filter>
    </CustomBuild>
    <CustomBuild Include="..\src\QtControlsMacro.h">
      <Filter>Header Files</Filter>
    </CustomBuild>
    <CustomBuild Include="..\src\RadioButton.h">
      <Filter>Header Files</Filter>
    </CustomBuild>
    <CustomBuild Include="..\src\RegExpAttri.h">
      <Filter>Header Files</Filter>
    </CustomBuild>
    <CustomBuild Include="..\src\RegExpBase.h">
      <Filter>Header Files</Filter>
    </CustomBuild>
    <CustomBuild Include="..\src\Separator.h">
      <Filter>Header Files</Filter>
    </CustomBuild>
    <CustomBuild Include="..\src\TextEdit.h">
      <Filter>Header Files</Filter>
    </CustomBuild>
    <CustomBuild Include="..\src\TipLabel.h">
      <Filter>Header Files</Filter>
    </CustomBuild>
    <CustomBuild Include="..\src\TipLabelManager.h">
      <Filter>Header Files</Filter>
    </CustomBuild>
    <CustomBuild Include="..\src\TreeText.h">
      <Filter>Header Files</Filter>
    </CustomBuild>
    <CustomBuild Include="..\src\TreeView.h">
      <Filter>Header Files</Filter>
    </CustomBuild>
    <CustomBuild Include="..\src\TreeViewDelegate.h">
      <Filter>Header Files</Filter>
    </CustomBuild>
    <CustomBuild Include="..\src\TreeViewHeader.h">
      <Filter>Header Files</Filter>
    </CustomBuild>
    <CustomBuild Include="..\src\TreeViewModel.h">
      <Filter>Header Files</Filter>
    </CustomBuild>
    <CustomBuild Include="..\src\TreeWidget.h">
      <Filter>Header Files</Filter>
    </CustomBuild>
    <CustomBuild Include="..\src\WebViewEx.h">
      <Filter>Header Files</Filter>
    </CustomBuild>
    <CustomBuild Include="..\src\Widget.h">
      <Filter>Header Files</Filter>
    </CustomBuild>
  </ItemGroup>
</Project>