<?xml version="1.0" encoding="utf-8"?>
<Project ToolsVersion="4.0" xmlns="http://schemas.microsoft.com/developer/msbuild/2003">
  <ItemGroup>
    <Filter Include="源文件">
      <UniqueIdentifier>{4FC737F1-C7A5-4376-A066-2A32D752A2FF}</UniqueIdentifier>
      <Extensions>cpp;c;cc;cxx;def;odl;idl;hpj;bat;asm;asmx</Extensions>
    </Filter>
    <Filter Include="头文件">
      <UniqueIdentifier>{93995380-89BD-4b04-88EB-625FBE52EBFB}</UniqueIdentifier>
      <Extensions>h;hpp;hxx;hm;inl;inc;xsd</Extensions>
    </Filter>
    <Filter Include="资源文件">
      <UniqueIdentifier>{67DA6AB6-F800-4c08-8B7A-83BB121AAD01}</UniqueIdentifier>
      <Extensions>rc;ico;cur;bmp;dlg;rc2;rct;bin;rgs;gif;jpg;jpeg;jpe;resx;tiff;tif;png;wav;mfcribbon-ms</Extensions>
    </Filter>
    <Filter Include="Solution">
      <UniqueIdentifier>{768d152a-8bfb-410c-b17c-3b3e1bc9c306}</UniqueIdentifier>
    </Filter>
  </ItemGroup>
  <ItemGroup>
    <ClInclude Include="..\src\StockSolution.h">
      <Filter>头文件</Filter>
    </ClInclude>
    <ClInclude Include="..\src\StockSolutionAPI.h">
      <Filter>头文件</Filter>
    </ClInclude>
    <ClInclude Include="..\src\StockSolutionMacro.h">
      <Filter>头文件</Filter>
    </ClInclude>
    <ClInclude Include="..\src\Solution.h">
      <Filter>头文件</Filter>
    </ClInclude>
    <ClInclude Include="..\src\AvgFundHighScore.h">
      <Filter>Solution</Filter>
    </ClInclude>
    <ClInclude Include="..\src\SolutionInfo.h">
      <Filter>头文件</Filter>
    </ClInclude>
    <ClInclude Include="..\src\StrategySet.h">
      <Filter>Solution</Filter>
    </ClInclude>
    <ClInclude Include="..\src\DisposableStrategyInfo.h">
      <Filter>Solution</Filter>
    </ClInclude>
    <ClInclude Include="..\src\DisposableStrategy.h">
      <Filter>Solution</Filter>
    </ClInclude>
    <ClInclude Include="..\src\IntegratedStrategy.h">
      <Filter>Solution</Filter>
    </ClInclude>
    <ClInclude Include="..\src\ObserveStrategy.h">
      <Filter>Solution</Filter>
    </ClInclude>
    <ClInclude Include="..\src\StrategyStruct.h">
      <Filter>头文件</Filter>
    </ClInclude>
    <ClInclude Include="..\src\ChooseParam.h">
      <Filter>头文件</Filter>
    </ClInclude>
  </ItemGroup>
  <ItemGroup>
    <ClCompile Include="..\src\StockSolution.cpp">
      <Filter>源文件</Filter>
    </ClCompile>
    <ClCompile Include="..\src\AvgFundHighScore.cpp">
      <Filter>Solution</Filter>
    </ClCompile>
    <ClCompile Include="..\src\Solution.cpp">
      <Filter>源文件</Filter>
    </ClCompile>
    <ClCompile Include="..\src\StrategySet.cpp">
      <Filter>Solution</Filter>
    </ClCompile>
    <ClCompile Include="..\src\DisposableStrategy.cpp">
      <Filter>Solution</Filter>
    </ClCompile>
    <ClCompile Include="..\src\IntegratedStrategy.cpp">
      <Filter>Solution</Filter>
    </ClCompile>
    <ClCompile Include="..\src\SolutionInfo.cpp">
      <Filter>源文件</Filter>
    </ClCompile>
    <ClCompile Include="..\src\ObserveStrategy.cpp">
      <Filter>Solution</Filter>
    </ClCompile>
  </ItemGroup>
</Project>