<?xml version="1.0" encoding="utf-8"?>
<Project ToolsVersion="4.0" xmlns="http://schemas.microsoft.com/developer/msbuild/2003">
  <ItemGroup>
    <Filter Include="源文件">
      <UniqueIdentifier>{4FC737F1-C7A5-4376-A066-2A32D752A2FF}</UniqueIdentifier>
      <Extensions>cpp;c;cc;cxx;def;odl;idl;hpj;bat;asm;asmx</Extensions>
    </Filter>
    <Filter Include="头文件">
      <UniqueIdentifier>{93995380-89BD-4b04-88EB-625FBE52EBFB}</UniqueIdentifier>
      <Extensions>h;hpp;hxx;hm;inl;inc;xsd</Extensions>
    </Filter>
    <Filter Include="资源文件">
      <UniqueIdentifier>{67DA6AB6-F800-4c08-8B7A-83BB121AAD01}</UniqueIdentifier>
      <Extensions>rc;ico;cur;bmp;dlg;rc2;rct;bin;rgs;gif;jpg;jpeg;jpe;resx;tiff;tif;png;wav;mfcribbon-ms</Extensions>
    </Filter>
    <Filter Include="ReceiveCallback">
      <UniqueIdentifier>{61f48079-8755-4835-a25a-6e87664a178b}</UniqueIdentifier>
    </Filter>
    <Filter Include="Task">
      <UniqueIdentifier>{0c52e382-fda8-4403-88ad-cebd51cda4da}</UniqueIdentifier>
    </Filter>
    <Filter Include="Manager">
      <UniqueIdentifier>{c02dc956-6cf7-4b1d-b392-b3513ec20bfa}</UniqueIdentifier>
    </Filter>
    <Filter Include="Helper">
      <UniqueIdentifier>{2fb6bda5-a9ea-4f45-88f5-42348d997423}</UniqueIdentifier>
    </Filter>
  </ItemGroup>
  <ItemGroup>
    <ClInclude Include="..\src\ProcessWork.h">
      <Filter>头文件</Filter>
    </ClInclude>
    <ClInclude Include="..\src\ProcessWorkAPI.h">
      <Filter>头文件</Filter>
    </ClInclude>
    <ClInclude Include="..\src\ProcessWorkMacro.h">
      <Filter>头文件</Filter>
    </ClInclude>
    <ClInclude Include="..\src\ReceiveCallback.h">
      <Filter>ReceiveCallback</Filter>
    </ClInclude>
    <ClInclude Include="..\src\ReceiveTask.h">
      <Filter>Task</Filter>
    </ClInclude>
    <ClInclude Include="..\src\WorkTask.h">
      <Filter>Task</Filter>
    </ClInclude>
    <ClInclude Include="..\src\HandleManager.h">
      <Filter>Manager</Filter>
    </ClInclude>
    <ClInclude Include="..\src\SharedMemoryManager.h">
      <Filter>Manager</Filter>
    </ClInclude>
    <ClInclude Include="..\src\ProcessMutexManager.h">
      <Filter>Manager</Filter>
    </ClInclude>
    <ClInclude Include="..\src\CreateKeyTask.h">
      <Filter>Task</Filter>
    </ClInclude>
    <ClInclude Include="..\src\CreateDataTask.h">
      <Filter>Task</Filter>
    </ClInclude>
    <ClInclude Include="..\src\DeleteKeyTask.h">
      <Filter>Task</Filter>
    </ClInclude>
    <ClInclude Include="..\src\DeleteDataTask.h">
      <Filter>Task</Filter>
    </ClInclude>
    <ClInclude Include="..\src\ThreadManager.h">
      <Filter>Manager</Filter>
    </ClInclude>
    <ClInclude Include="..\src\ProcessHelper.h">
      <Filter>Helper</Filter>
    </ClInclude>
    <ClInclude Include="..\src\KeyPackage.h">
      <Filter>Helper</Filter>
    </ClInclude>
    <ClInclude Include="..\src\HandlePackage.h">
      <Filter>Helper</Filter>
    </ClInclude>
  </ItemGroup>
  <ItemGroup>
    <ClCompile Include="..\src\ProcessWork.cpp">
      <Filter>源文件</Filter>
    </ClCompile>
    <ClCompile Include="..\src\ReceiveTask.cpp">
      <Filter>Task</Filter>
    </ClCompile>
    <ClCompile Include="..\src\WorkTask.cpp">
      <Filter>Task</Filter>
    </ClCompile>
    <ClCompile Include="..\src\HandleManager.cpp">
      <Filter>Manager</Filter>
    </ClCompile>
    <ClCompile Include="..\src\SharedMemoryManager.cpp">
      <Filter>Manager</Filter>
    </ClCompile>
    <ClCompile Include="..\src\ProcessMutexManager.cpp">
      <Filter>Manager</Filter>
    </ClCompile>
    <ClCompile Include="..\src\CreateDataTask.cpp">
      <Filter>Task</Filter>
    </ClCompile>
    <ClCompile Include="..\src\CreateKeyTask.cpp">
      <Filter>Task</Filter>
    </ClCompile>
    <ClCompile Include="..\src\DeleteDataTask.cpp">
      <Filter>Task</Filter>
    </ClCompile>
    <ClCompile Include="..\src\DeleteKeyTask.cpp">
      <Filter>Task</Filter>
    </ClCompile>
    <ClCompile Include="..\src\ThreadManager.cpp">
      <Filter>Manager</Filter>
    </ClCompile>
    <ClCompile Include="..\src\ProcessHelper.cpp">
      <Filter>Helper</Filter>
    </ClCompile>
  </ItemGroup>
</Project>