<?xml version="1.0" encoding="utf-8"?>
<Project ToolsVersion="4.0" xmlns="http://schemas.microsoft.com/developer/msbuild/2003">
  <ItemGroup>
    <Filter Include="源文件">
      <UniqueIdentifier>{4FC737F1-C7A5-4376-A066-2A32D752A2FF}</UniqueIdentifier>
      <Extensions>cpp;c;cc;cxx;def;odl;idl;hpj;bat;asm;asmx</Extensions>
    </Filter>
    <Filter Include="头文件">
      <UniqueIdentifier>{93995380-89BD-4b04-88EB-625FBE52EBFB}</UniqueIdentifier>
      <Extensions>h;hpp;hxx;hm;inl;inc;xsd</Extensions>
    </Filter>
    <Filter Include="资源文件">
      <UniqueIdentifier>{67DA6AB6-F800-4c08-8B7A-83BB121AAD01}</UniqueIdentifier>
      <Extensions>rc;ico;cur;bmp;dlg;rc2;rct;bin;rgs;gif;jpg;jpeg;jpe;resx;tiff;tif;png;wav;mfcribbon-ms</Extensions>
    </Filter>
    <Filter Include="Client">
      <UniqueIdentifier>{37eacb2f-8406-480a-9b68-32bfb33723e8}</UniqueIdentifier>
    </Filter>
    <Filter Include="Server">
      <UniqueIdentifier>{cdf07516-62ad-485b-8ffd-32813c61e19a}</UniqueIdentifier>
    </Filter>
    <Filter Include="Task">
      <UniqueIdentifier>{a3e9c31f-91c1-488d-92cc-03919b83b429}</UniqueIdentifier>
    </Filter>
    <Filter Include="CallbackBase">
      <UniqueIdentifier>{4830ae88-56dc-4ccc-bf8e-a226495a3328}</UniqueIdentifier>
    </Filter>
    <Filter Include="NetWorkThreadManager">
      <UniqueIdentifier>{6e284a1f-6d9a-40d9-9028-20cef5e5798b}</UniqueIdentifier>
    </Filter>
  </ItemGroup>
  <ItemGroup>
    <ClInclude Include="..\src\NetWorkAPI.h">
      <Filter>头文件</Filter>
    </ClInclude>
    <ClInclude Include="..\src\NetWorkMacro.h">
      <Filter>头文件</Filter>
    </ClInclude>
    <ClInclude Include="..\src\NetClient.h">
      <Filter>Client</Filter>
    </ClInclude>
    <ClInclude Include="..\src\ClientCallback.h">
      <Filter>Client</Filter>
    </ClInclude>
    <ClInclude Include="..\src\NetServer.h">
      <Filter>Server</Filter>
    </ClInclude>
    <ClInclude Include="..\src\ServerCallback.h">
      <Filter>Server</Filter>
    </ClInclude>
    <ClInclude Include="..\src\SendTask.h">
      <Filter>Task</Filter>
    </ClInclude>
    <ClInclude Include="..\src\WorkTask.h">
      <Filter>Task</Filter>
    </ClInclude>
    <ClInclude Include="..\src\CallbackBase.h">
      <Filter>CallbackBase</Filter>
    </ClInclude>
    <ClInclude Include="..\src\NetWorkThreadManager.h">
      <Filter>NetWorkThreadManager</Filter>
    </ClInclude>
    <ClInclude Include="..\src\ReceiveCallbackBase.h">
      <Filter>CallbackBase</Filter>
    </ClInclude>
    <ClInclude Include="..\src\ClientCallbackBase.h">
      <Filter>CallbackBase</Filter>
    </ClInclude>
    <ClInclude Include="..\src\ServerCallbackBase.h">
      <Filter>CallbackBase</Filter>
    </ClInclude>
    <ClInclude Include="..\src\HeartTask.h">
      <Filter>Task</Filter>
    </ClInclude>
  </ItemGroup>
  <ItemGroup>
    <ClCompile Include="..\src\ClientCallback.cpp">
      <Filter>Client</Filter>
    </ClCompile>
    <ClCompile Include="..\src\NetClient.cpp">
      <Filter>Client</Filter>
    </ClCompile>
    <ClCompile Include="..\src\NetServer.cpp">
      <Filter>Server</Filter>
    </ClCompile>
    <ClCompile Include="..\src\ServerCallback.cpp">
      <Filter>Server</Filter>
    </ClCompile>
    <ClCompile Include="..\src\WorkTask.cpp">
      <Filter>Task</Filter>
    </ClCompile>
    <ClCompile Include="..\src\SendTask.cpp">
      <Filter>Task</Filter>
    </ClCompile>
    <ClCompile Include="..\src\CallbackBase.cpp">
      <Filter>CallbackBase</Filter>
    </ClCompile>
    <ClCompile Include="..\src\NetWorkThreadManager.cpp">
      <Filter>NetWorkThreadManager</Filter>
    </ClCompile>
    <ClCompile Include="..\src\ReceiveCallbackBase.cpp">
      <Filter>CallbackBase</Filter>
    </ClCompile>
    <ClCompile Include="..\src\ClientCallbackBase.cpp">
      <Filter>CallbackBase</Filter>
    </ClCompile>
    <ClCompile Include="..\src\ServerCallbackBase.cpp">
      <Filter>CallbackBase</Filter>
    </ClCompile>
    <ClCompile Include="..\src\HeartTask.cpp">
      <Filter>Task</Filter>
    </ClCompile>
  </ItemGroup>
</Project>