
Microsoft Visual Studio Solution File, Format Version 12.00
# Visual Studio 2012
Project("{8BC9CEB8-8B4A-11D0-8D11-00A0C91BC942}") = "storage", "storage\storage.vcxproj", "{957F7CFA-1FBB-49DA-92A8-0A0D94D1858A}"
EndProject
Global
	GlobalSection(SolutionConfigurationPlatforms) = preSolution
		Debug|Win32 = Debug|Win32
		Release|Win32 = Release|Win32
	EndGlobalSection
	GlobalSection(ProjectConfigurationPlatforms) = postSolution
		{957F7CFA-1FBB-49DA-92A8-0A0D94D1858A}.Debug|Win32.ActiveCfg = Debug|Win32
		{957F7CFA-1FBB-49DA-92A8-0A0D94D1858A}.Debug|Win32.Build.0 = Debug|Win32
		{957F7CFA-1FBB-49DA-92A8-0A0D94D1858A}.Release|Win32.ActiveCfg = Release|Win32
		{957F7CFA-1FBB-49DA-92A8-0A0D94D1858A}.Release|Win32.Build.0 = Release|Win32
	EndGlobalSection
	GlobalSection(SolutionProperties) = preSolution
		HideSolutionNode = FALSE
	EndGlobalSection
EndGlobal
